
Microsoft Visual Studio Solution File, Format Version 12.00
# Visual Studio 14
VisualStudioVersion = 14.0.25420.1
MinimumVisualStudioVersion = 10.0.40219.1
Project("{FAE04EC0-301F-11D3-BF4B-00C04F79EFBC}") = "Acctive", "Acctive\Acctive.csproj", "{3020F46F-448D-4798-BA75-140D91347000}"
EndProject
Project("{FAE04EC0-301F-11D3-BF4B-00C04F79EFBC}") = "Acctive.Models", "Acctive.Models\Acctive.Models.csproj", "{BF3C588A-3A55-4901-878F-8CD00C4AB1A6}"
EndProject
Project("{2150E333-8FDC-42A3-9474-1A3956D46DE8}") = "Refs", "Refs", "{39C3531C-AD50-44DD-A54C-9E280682AC9E}"
	ProjectSection(SolutionItems) = preProject
		JavaScript Libraries.txt = JavaScript Libraries.txt
		Product Properties.txt = Product Properties.txt
	EndProjectSection
EndProject
Global
	GlobalSection(SolutionConfigurationPlatforms) = preSolution
		Debug|Any CPU = Debug|Any CPU
		Release|Any CPU = Release|Any CPU
	EndGlobalSection
	GlobalSection(ProjectConfigurationPlatforms) = postSolution
		{3020F46F-448D-4798-BA75-140D91347000}.Debug|Any CPU.ActiveCfg = Debug|Any CPU
		{3020F46F-448D-4798-BA75-140D91347000}.Debug|Any CPU.Build.0 = Debug|Any CPU
		{3020F46F-448D-4798-BA75-140D91347000}.Release|Any CPU.ActiveCfg = Release|Any CPU
		{3020F46F-448D-4798-BA75-140D91347000}.Release|Any CPU.Build.0 = Release|Any CPU
		{BF3C588A-3A55-4901-878F-8CD00C4AB1A6}.Debug|Any CPU.ActiveCfg = Debug|Any CPU
		{BF3C588A-3A55-4901-878F-8CD00C4AB1A6}.Debug|Any CPU.Build.0 = Debug|Any CPU
		{BF3C588A-3A55-4901-878F-8CD00C4AB1A6}.Release|Any CPU.ActiveCfg = Release|Any CPU
		{BF3C588A-3A55-4901-878F-8CD00C4AB1A6}.Release|Any CPU.Build.0 = Release|Any CPU
	EndGlobalSection
	GlobalSection(SolutionProperties) = preSolution
		HideSolutionNode = FALSE
	EndGlobalSection
EndGlobal
